
Microsoft Visual Studio Solution File, Format Version 12.00
# Visual Studio Version 16
VisualStudioVersion = 16.0.30717.126
MinimumVisualStudioVersion = 10.0.40219.1
Project("{FAE04EC0-301F-11D3-BF4B-00C04F79EFBC}") = "ColorReductionMethods", "ColorReductionMethods.csproj", "{327A162A-E7D4-4957-B466-58431D07EDC0}"
EndProject
Global
	GlobalSection(SolutionConfigurationPlatforms) = preSolution
		Debug|Any CPU = Debug|Any CPU
		Release|Any CPU = Release|Any CPU
	EndGlobalSection
	GlobalSection(ProjectConfigurationPlatforms) = postSolution
		{327A162A-E7D4-4957-B466-58431D07EDC0}.Debug|Any CPU.ActiveCfg = Debug|Any CPU
		{327A162A-E7D4-4957-B466-58431D07EDC0}.Debug|Any CPU.Build.0 = Debug|Any CPU
		{327A162A-E7D4-4957-B466-58431D07EDC0}.Release|Any CPU.ActiveCfg = Release|Any CPU
		{327A162A-E7D4-4957-B466-58431D07EDC0}.Release|Any CPU.Build.0 = Release|Any CPU
	EndGlobalSection
	GlobalSection(SolutionProperties) = preSolution
		HideSolutionNode = FALSE
	EndGlobalSection
	GlobalSection(ExtensibilityGlobals) = postSolution
		SolutionGuid = {EB1A21C1-3DB4-49AE-992A-0FFCC1286B8A}
	EndGlobalSection
EndGlobal
